
Microsoft Visual Studio Solution File, Format Version 12.00
# Visual Studio Version 17
VisualStudioVersion = 17.3.32922.545
MinimumVisualStudioVersion = 10.0.40219.1
Project("{FAE04EC0-301F-11D3-BF4B-00C04F79EFBC}") = "test", "test\test.csproj", "{E14617EC-C830-4056-A1DA-9819B6DE1CF4}"
EndProject
Global
	GlobalSection(SolutionConfigurationPlatforms) = preSolution
		Debug|Any CPU = Debug|Any CPU
		Release|Any CPU = Release|Any CPU
	EndGlobalSection
	GlobalSection(ProjectConfigurationPlatforms) = postSolution
		{E14617EC-C830-4056-A1DA-9819B6DE1CF4}.Debug|Any CPU.ActiveCfg = Debug|Any CPU
		{E14617EC-C830-4056-A1DA-9819B6DE1CF4}.Debug|Any CPU.Build.0 = Debug|Any CPU
		{E14617EC-C830-4056-A1DA-9819B6DE1CF4}.Release|Any CPU.ActiveCfg = Release|Any CPU
		{E14617EC-C830-4056-A1DA-9819B6DE1CF4}.Release|Any CPU.Build.0 = Release|Any CPU
	EndGlobalSection
	GlobalSection(SolutionProperties) = preSolution
		HideSolutionNode = FALSE
	EndGlobalSection
	GlobalSection(ExtensibilityGlobals) = postSolution
		SolutionGuid = {C7352BDC-8441-4123-B55E-FE60FE517FEF}
	EndGlobalSection
EndGlobal
